
Microsoft Visual Studio Solution File, Format Version 12.00
# Visual Studio 14
VisualStudioVersion = 14.0.23107.0
MinimumVisualStudioVersion = 10.0.40219.1
Project("{FAE04EC0-301F-11D3-BF4B-00C04F79EFBC}") = "Console2.2", "Console\Console2.2.csproj", "{23B2507C-5E4C-4487-9F66-73CCE24D217B}"
EndProject
Project("{FAE04EC0-301F-11D3-BF4B-00C04F79EFBC}") = "变量3.3", "变量3.3\变量3.3.csproj", "{95807BE6-326D-46E4-BDA4-65781AE9A393}"
EndProject
Project("{FAE04EC0-301F-11D3-BF4B-00C04F79EFBC}") = "表达式3.4", "表达式3.4\表达式3.4.csproj", "{541BB563-2129-45B7-99C9-26589D565465}"
EndProject
Project("{FAE04EC0-301F-11D3-BF4B-00C04F79EFBC}") = "Boole运算符4.1", "Boole运算符4.1\Boole运算符4.1.csproj", "{BD575177-33C9-4CBF-BF96-A69FB28AE580}"
EndProject
Project("{FAE04EC0-301F-11D3-BF4B-00C04F79EFBC}") = "分支4.2", "分支4.2\分支4.2.csproj", "{BF28744E-97E3-48D6-89D6-26EC22C3848C}"
EndProject
Project("{FAE04EC0-301F-11D3-BF4B-00C04F79EFBC}") = "switch语句", "switch语句\switch语句.csproj", "{89D6CDF7-FA68-41A2-885A-97007615634A}"
EndProject
Project("{FAE04EC0-301F-11D3-BF4B-00C04F79EFBC}") = "DO语句", "DO语句\DO语句.csproj", "{74C8F9FA-0D1F-42D6-809D-4D75AA49B1E7}"
EndProject
Project("{FAE04EC0-301F-11D3-BF4B-00C04F79EFBC}") = "while语句", "while语句\while语句.csproj", "{5B9BB998-05E1-46AF-A1B5-88B062FF4B5C}"
EndProject
Project("{FAE04EC0-301F-11D3-BF4B-00C04F79EFBC}") = "类型转换5.1", "类型转换5.1\类型转换5.1.csproj", "{80F0F093-D78D-4A58-8618-55618102FFE3}"
EndProject
Project("{FAE04EC0-301F-11D3-BF4B-00C04F79EFBC}") = "enum类型", "enum类型\enum类型.csproj", "{A0EF9DEA-0C4C-451C-8416-1FD6C9BB773E}"
EndProject
Project("{FAE04EC0-301F-11D3-BF4B-00C04F79EFBC}") = "struct类型", "struct类型\struct类型.csproj", "{C826F81B-2A7D-4AC0-B0AE-2986623E17F6}"
EndProject
Project("{FAE04EC0-301F-11D3-BF4B-00C04F79EFBC}") = "数组5.2", "shuzhu5.2\数组5.2.csproj", "{DE97F247-7749-4FF5-B04B-091741A437FA}"
EndProject
Project("{FAE04EC0-301F-11D3-BF4B-00C04F79EFBC}") = "string_chuli", "string_chuli\string_chuli.csproj", "{B19DBFE4-04C6-42F8-A9EF-A9BFAE66AB34}"
EndProject
Project("{FAE04EC0-301F-11D3-BF4B-00C04F79EFBC}") = "函数定义6.1", "函数定义\函数定义6.1.csproj", "{983A4AD5-163F-46B1-98A3-466B399BCE55}"
EndProject
Project("{FAE04EC0-301F-11D3-BF4B-00C04F79EFBC}") = "委托6.6", "Main函数6.3\委托6.6.csproj", "{701C0E34-170C-4D80-A8A2-334E07785176}"
EndProject
Project("{FAE04EC0-301F-11D3-BF4B-00C04F79EFBC}") = "OOP8_3", "OOP8_3\OOP8_3.csproj", "{8FCDFA4E-738E-4691-B3C7-0AC8533BEB40}"
EndProject
Project("{FAE04EC0-301F-11D3-BF4B-00C04F79EFBC}") = "object9_1", "object9_1\object9_1.csproj", "{AEB7B458-CD6C-405F-A4FB-9AE010F893E4}"
EndProject
Project("{FAE04EC0-301F-11D3-BF4B-00C04F79EFBC}") = "FileStream流", "FileStream流\FileStream流.csproj", "{97D4FC47-41FA-4FB3-99ED-23B18F49EA2C}"
EndProject
Global
	GlobalSection(SolutionConfigurationPlatforms) = preSolution
		Debug|Any CPU = Debug|Any CPU
		Release|Any CPU = Release|Any CPU
	EndGlobalSection
	GlobalSection(ProjectConfigurationPlatforms) = postSolution
		{23B2507C-5E4C-4487-9F66-73CCE24D217B}.Debug|Any CPU.ActiveCfg = Debug|Any CPU
		{23B2507C-5E4C-4487-9F66-73CCE24D217B}.Debug|Any CPU.Build.0 = Debug|Any CPU
		{23B2507C-5E4C-4487-9F66-73CCE24D217B}.Release|Any CPU.ActiveCfg = Release|Any CPU
		{23B2507C-5E4C-4487-9F66-73CCE24D217B}.Release|Any CPU.Build.0 = Release|Any CPU
		{95807BE6-326D-46E4-BDA4-65781AE9A393}.Debug|Any CPU.ActiveCfg = Debug|Any CPU
		{95807BE6-326D-46E4-BDA4-65781AE9A393}.Debug|Any CPU.Build.0 = Debug|Any CPU
		{95807BE6-326D-46E4-BDA4-65781AE9A393}.Release|Any CPU.ActiveCfg = Release|Any CPU
		{95807BE6-326D-46E4-BDA4-65781AE9A393}.Release|Any CPU.Build.0 = Release|Any CPU
		{541BB563-2129-45B7-99C9-26589D565465}.Debug|Any CPU.ActiveCfg = Debug|Any CPU
		{541BB563-2129-45B7-99C9-26589D565465}.Debug|Any CPU.Build.0 = Debug|Any CPU
		{541BB563-2129-45B7-99C9-26589D565465}.Release|Any CPU.ActiveCfg = Release|Any CPU
		{541BB563-2129-45B7-99C9-26589D565465}.Release|Any CPU.Build.0 = Release|Any CPU
		{BD575177-33C9-4CBF-BF96-A69FB28AE580}.Debug|Any CPU.ActiveCfg = Debug|Any CPU
		{BD575177-33C9-4CBF-BF96-A69FB28AE580}.Debug|Any CPU.Build.0 = Debug|Any CPU
		{BD575177-33C9-4CBF-BF96-A69FB28AE580}.Release|Any CPU.ActiveCfg = Release|Any CPU
		{BD575177-33C9-4CBF-BF96-A69FB28AE580}.Release|Any CPU.Build.0 = Release|Any CPU
		{BF28744E-97E3-48D6-89D6-26EC22C3848C}.Debug|Any CPU.ActiveCfg = Debug|Any CPU
		{BF28744E-97E3-48D6-89D6-26EC22C3848C}.Debug|Any CPU.Build.0 = Debug|Any CPU
		{BF28744E-97E3-48D6-89D6-26EC22C3848C}.Release|Any CPU.ActiveCfg = Release|Any CPU
		{BF28744E-97E3-48D6-89D6-26EC22C3848C}.Release|Any CPU.Build.0 = Release|Any CPU
		{89D6CDF7-FA68-41A2-885A-97007615634A}.Debug|Any CPU.ActiveCfg = Debug|Any CPU
		{89D6CDF7-FA68-41A2-885A-97007615634A}.Debug|Any CPU.Build.0 = Debug|Any CPU
		{89D6CDF7-FA68-41A2-885A-97007615634A}.Release|Any CPU.ActiveCfg = Release|Any CPU
		{89D6CDF7-FA68-41A2-885A-97007615634A}.Release|Any CPU.Build.0 = Release|Any CPU
		{74C8F9FA-0D1F-42D6-809D-4D75AA49B1E7}.Debug|Any CPU.ActiveCfg = Debug|Any CPU
		{74C8F9FA-0D1F-42D6-809D-4D75AA49B1E7}.Debug|Any CPU.Build.0 = Debug|Any CPU
		{74C8F9FA-0D1F-42D6-809D-4D75AA49B1E7}.Release|Any CPU.ActiveCfg = Release|Any CPU
		{74C8F9FA-0D1F-42D6-809D-4D75AA49B1E7}.Release|Any CPU.Build.0 = Release|Any CPU
		{5B9BB998-05E1-46AF-A1B5-88B062FF4B5C}.Debug|Any CPU.ActiveCfg = Debug|Any CPU
		{5B9BB998-05E1-46AF-A1B5-88B062FF4B5C}.Debug|Any CPU.Build.0 = Debug|Any CPU
		{5B9BB998-05E1-46AF-A1B5-88B062FF4B5C}.Release|Any CPU.ActiveCfg = Release|Any CPU
		{5B9BB998-05E1-46AF-A1B5-88B062FF4B5C}.Release|Any CPU.Build.0 = Release|Any CPU
		{80F0F093-D78D-4A58-8618-55618102FFE3}.Debug|Any CPU.ActiveCfg = Debug|Any CPU
		{80F0F093-D78D-4A58-8618-55618102FFE3}.Debug|Any CPU.Build.0 = Debug|Any CPU
		{80F0F093-D78D-4A58-8618-55618102FFE3}.Release|Any CPU.ActiveCfg = Release|Any CPU
		{80F0F093-D78D-4A58-8618-55618102FFE3}.Release|Any CPU.Build.0 = Release|Any CPU
		{A0EF9DEA-0C4C-451C-8416-1FD6C9BB773E}.Debug|Any CPU.ActiveCfg = Debug|Any CPU
		{A0EF9DEA-0C4C-451C-8416-1FD6C9BB773E}.Debug|Any CPU.Build.0 = Debug|Any CPU
		{A0EF9DEA-0C4C-451C-8416-1FD6C9BB773E}.Release|Any CPU.ActiveCfg = Release|Any CPU
		{A0EF9DEA-0C4C-451C-8416-1FD6C9BB773E}.Release|Any CPU.Build.0 = Release|Any CPU
		{C826F81B-2A7D-4AC0-B0AE-2986623E17F6}.Debug|Any CPU.ActiveCfg = Debug|Any CPU
		{C826F81B-2A7D-4AC0-B0AE-2986623E17F6}.Debug|Any CPU.Build.0 = Debug|Any CPU
		{C826F81B-2A7D-4AC0-B0AE-2986623E17F6}.Release|Any CPU.ActiveCfg = Release|Any CPU
		{C826F81B-2A7D-4AC0-B0AE-2986623E17F6}.Release|Any CPU.Build.0 = Release|Any CPU
		{DE97F247-7749-4FF5-B04B-091741A437FA}.Debug|Any CPU.ActiveCfg = Debug|Any CPU
		{DE97F247-7749-4FF5-B04B-091741A437FA}.Debug|Any CPU.Build.0 = Debug|Any CPU
		{DE97F247-7749-4FF5-B04B-091741A437FA}.Release|Any CPU.ActiveCfg = Release|Any CPU
		{DE97F247-7749-4FF5-B04B-091741A437FA}.Release|Any CPU.Build.0 = Release|Any CPU
		{B19DBFE4-04C6-42F8-A9EF-A9BFAE66AB34}.Debug|Any CPU.ActiveCfg = Debug|Any CPU
		{B19DBFE4-04C6-42F8-A9EF-A9BFAE66AB34}.Debug|Any CPU.Build.0 = Debug|Any CPU
		{B19DBFE4-04C6-42F8-A9EF-A9BFAE66AB34}.Release|Any CPU.ActiveCfg = Release|Any CPU
		{B19DBFE4-04C6-42F8-A9EF-A9BFAE66AB34}.Release|Any CPU.Build.0 = Release|Any CPU
		{983A4AD5-163F-46B1-98A3-466B399BCE55}.Debug|Any CPU.ActiveCfg = Debug|Any CPU
		{983A4AD5-163F-46B1-98A3-466B399BCE55}.Debug|Any CPU.Build.0 = Debug|Any CPU
		{983A4AD5-163F-46B1-98A3-466B399BCE55}.Release|Any CPU.ActiveCfg = Release|Any CPU
		{983A4AD5-163F-46B1-98A3-466B399BCE55}.Release|Any CPU.Build.0 = Release|Any CPU
		{701C0E34-170C-4D80-A8A2-334E07785176}.Debug|Any CPU.ActiveCfg = Debug|Any CPU
		{701C0E34-170C-4D80-A8A2-334E07785176}.Debug|Any CPU.Build.0 = Debug|Any CPU
		{701C0E34-170C-4D80-A8A2-334E07785176}.Release|Any CPU.ActiveCfg = Release|Any CPU
		{701C0E34-170C-4D80-A8A2-334E07785176}.Release|Any CPU.Build.0 = Release|Any CPU
		{8FCDFA4E-738E-4691-B3C7-0AC8533BEB40}.Debug|Any CPU.ActiveCfg = Debug|Any CPU
		{8FCDFA4E-738E-4691-B3C7-0AC8533BEB40}.Debug|Any CPU.Build.0 = Debug|Any CPU
		{8FCDFA4E-738E-4691-B3C7-0AC8533BEB40}.Release|Any CPU.ActiveCfg = Release|Any CPU
		{8FCDFA4E-738E-4691-B3C7-0AC8533BEB40}.Release|Any CPU.Build.0 = Release|Any CPU
		{AEB7B458-CD6C-405F-A4FB-9AE010F893E4}.Debug|Any CPU.ActiveCfg = Debug|Any CPU
		{AEB7B458-CD6C-405F-A4FB-9AE010F893E4}.Debug|Any CPU.Build.0 = Debug|Any CPU
		{AEB7B458-CD6C-405F-A4FB-9AE010F893E4}.Release|Any CPU.ActiveCfg = Release|Any CPU
		{AEB7B458-CD6C-405F-A4FB-9AE010F893E4}.Release|Any CPU.Build.0 = Release|Any CPU
		{97D4FC47-41FA-4FB3-99ED-23B18F49EA2C}.Debug|Any CPU.ActiveCfg = Debug|Any CPU
		{97D4FC47-41FA-4FB3-99ED-23B18F49EA2C}.Debug|Any CPU.Build.0 = Debug|Any CPU
		{97D4FC47-41FA-4FB3-99ED-23B18F49EA2C}.Release|Any CPU.ActiveCfg = Release|Any CPU
		{97D4FC47-41FA-4FB3-99ED-23B18F49EA2C}.Release|Any CPU.Build.0 = Release|Any CPU
	EndGlobalSection
	GlobalSection(SolutionProperties) = preSolution
		HideSolutionNode = FALSE
	EndGlobalSection
EndGlobal
